PODS:
  - BrazeKit (18.2.1)
  - BrazeUI (18.2.1):
    - BrazeKit (= 18.2.1)
  - Capacitor (6.2.1):
    - CapacitorCordova
  - CapacitorBraze (0.3.0):
    - BrazeKit (= 18.2.1)
    - BrazeUI (= 18.2.1)
    - Capacitor (< 9.0, >= 6.0)
  - CapacitorCordova (6.2.1)

DEPENDENCIES:
  - "Capacitor (from `../../node_modules/@capacitor/ios`)"
  - CapacitorBraze (from `../../..`)
  - "CapacitorCordova (from `../../node_modules/@capacitor/ios`)"

SPEC REPOS:
  trunk:
    - BrazeKit
    - BrazeUI

EXTERNAL SOURCES:
  Capacitor:
    :path: "../../node_modules/@capacitor/ios"
  CapacitorBraze:
    :path: "../../.."
  CapacitorCordova:
    :path: "../../node_modules/@capacitor/ios"

SPEC CHECKSUMS:
  BrazeKit: 480910f8b829eec98bf0e76b22a425cb1086a739
  BrazeUI: 67d5b9e9d4df84b7aa9f178b3684cd534a18e38c
  Capacitor: c95400d761e376be9da6be5a05f226c0e865cebf
  CapacitorBraze: 4807e32e0f724d844c4c4837aa53ea06b59d80ab
  CapacitorCordova: 8d93e14982f440181be7304aa9559ca631d77fff

PODFILE CHECKSUM: 2871d95a9b321129a92e7dacea516031f5046ec3

COCOAPODS: 1.16.2
